{
  "name": "backend",
  "version": "1.0.0",
  "lockfileVersion": 1,
  "requires": true,
  "dependencies": {
    "@types/node": {
      "version": "14.14.6",
      "resolved": "https://pkgs.dev.azure.com/WolkSoftwareLimited/_packaging/WolkSoftwareLimited/npm/registry/@types/node/-/node-14.14.6.tgz",
      "integrity": "sha1-FG09pXs8Y2zA0XaTls4c+omRFH8="
    }
  }
}
